
Microsoft Visual Studio Solution File, Format Version 12.00
# Visual Studio Version 16
VisualStudioVersion = 16.0.29905.134
MinimumVisualStudioVersion = 10.0.40219.1
Project("{FAE04EC0-301F-11D3-BF4B-00C04F79EFBC}") = "pokerAPI", "pokerAPI.csproj", "{973C2B06-C6E4-4944-9B1A-4CEABD83A67D}"
EndProject
Project("{FAE04EC0-301F-11D3-BF4B-00C04F79EFBC}") = "pokerGame", "..\pokerGame\pokerGame.csproj", "{611195AD-E4A0-456B-9955-0FC6A3EA4DCC}"
EndProject
Global
	GlobalSection(SolutionConfigurationPlatforms) = preSolution
		Debug|Any CPU = Debug|Any CPU
		Release|Any CPU = Release|Any CPU
	EndGlobalSection
	GlobalSection(ProjectConfigurationPlatforms) = postSolution
		{973C2B06-C6E4-4944-9B1A-4CEABD83A67D}.Debug|Any CPU.ActiveCfg = Debug|Any CPU
		{973C2B06-C6E4-4944-9B1A-4CEABD83A67D}.Debug|Any CPU.Build.0 = Debug|Any CPU
		{973C2B06-C6E4-4944-9B1A-4CEABD83A67D}.Release|Any CPU.ActiveCfg = Release|Any CPU
		{973C2B06-C6E4-4944-9B1A-4CEABD83A67D}.Release|Any CPU.Build.0 = Release|Any CPU
		{611195AD-E4A0-456B-9955-0FC6A3EA4DCC}.Debug|Any CPU.ActiveCfg = Debug|Any CPU
		{611195AD-E4A0-456B-9955-0FC6A3EA4DCC}.Debug|Any CPU.Build.0 = Debug|Any CPU
		{611195AD-E4A0-456B-9955-0FC6A3EA4DCC}.Release|Any CPU.ActiveCfg = Release|Any CPU
		{611195AD-E4A0-456B-9955-0FC6A3EA4DCC}.Release|Any CPU.Build.0 = Release|Any CPU
	EndGlobalSection
	GlobalSection(SolutionProperties) = preSolution
		HideSolutionNode = FALSE
	EndGlobalSection
	GlobalSection(ExtensibilityGlobals) = postSolution
		SolutionGuid = {8CE65CEE-83E4-49CB-B727-E1A6B9C29ED2}
	EndGlobalSection
EndGlobal
